
Microsoft Visual Studio Solution File, Format Version 12.00
# Visual Studio Version 16
VisualStudioVersion = 16.0.29215.179
MinimumVisualStudioVersion = 15.0.26124.0
Project("{9A19103F-16F7-4668-BE54-9A1E7A4F7556}") = "BackEnd", "BackEnd\BackEnd.csproj", "{ADEC82FD-4CFD-46E2-AE26-C871C40CEF71}"
EndProject
Project("{9A19103F-16F7-4668-BE54-9A1E7A4F7556}") = "ConferenceDTO", "ConferenceDTO\ConferenceDTO.csproj", "{AFCAE882-C4FE-40FA-B7CA-D805E1D39311}"
EndProject
Project("{9A19103F-16F7-4668-BE54-9A1E7A4F7556}") = "FrontEnd", "FrontEnd\FrontEnd.csproj", "{16ABF780-B57C-43D3-997C-D77EEED996A6}"
	ProjectSection(ProjectDependencies) = postProject
		{ADEC82FD-4CFD-46E2-AE26-C871C40CEF71} = {ADEC82FD-4CFD-46E2-AE26-C871C40CEF71}
	EndProjectSection
EndProject
Global
	GlobalSection(SolutionConfigurationPlatforms) = preSolution
		Debug|Any CPU = Debug|Any CPU
		Debug|x64 = Debug|x64
		Debug|x86 = Debug|x86
		Release|Any CPU = Release|Any CPU
		Release|x64 = Release|x64
		Release|x86 = Release|x86
	EndGlobalSection
	GlobalSection(ProjectConfigurationPlatforms) = postSolution
		{ADEC82FD-4CFD-46E2-AE26-C871C40CEF71}.Debug|Any CPU.ActiveCfg = Debug|Any CPU
		{ADEC82FD-4CFD-46E2-AE26-C871C40CEF71}.Debug|Any CPU.Build.0 = Debug|Any CPU
		{ADEC82FD-4CFD-46E2-AE26-C871C40CEF71}.Debug|x64.ActiveCfg = Debug|Any CPU
		{ADEC82FD-4CFD-46E2-AE26-C871C40CEF71}.Debug|x64.Build.0 = Debug|Any CPU
		{ADEC82FD-4CFD-46E2-AE26-C871C40CEF71}.Debug|x86.ActiveCfg = Debug|Any CPU
		{ADEC82FD-4CFD-46E2-AE26-C871C40CEF71}.Debug|x86.Build.0 = Debug|Any CPU
		{ADEC82FD-4CFD-46E2-AE26-C871C40CEF71}.Release|Any CPU.ActiveCfg = Release|Any CPU
		{ADEC82FD-4CFD-46E2-AE26-C871C40CEF71}.Release|Any CPU.Build.0 = Release|Any CPU
		{ADEC82FD-4CFD-46E2-AE26-C871C40CEF71}.Release|x64.ActiveCfg = Release|Any CPU
		{ADEC82FD-4CFD-46E2-AE26-C871C40CEF71}.Release|x64.Build.0 = Release|Any CPU
		{ADEC82FD-4CFD-46E2-AE26-C871C40CEF71}.Release|x86.ActiveCfg = Release|Any CPU
		{ADEC82FD-4CFD-46E2-AE26-C871C40CEF71}.Release|x86.Build.0 = Release|Any CPU
		{AFCAE882-C4FE-40FA-B7CA-D805E1D39311}.Debug|Any CPU.ActiveCfg = Debug|Any CPU
		{AFCAE882-C4FE-40FA-B7CA-D805E1D39311}.Debug|Any CPU.Build.0 = Debug|Any CPU
		{AFCAE882-C4FE-40FA-B7CA-D805E1D39311}.Debug|x64.ActiveCfg = Debug|Any CPU
		{AFCAE882-C4FE-40FA-B7CA-D805E1D39311}.Debug|x64.Build.0 = Debug|Any CPU
		{AFCAE882-C4FE-40FA-B7CA-D805E1D39311}.Debug|x86.ActiveCfg = Debug|Any CPU
		{AFCAE882-C4FE-40FA-B7CA-D805E1D39311}.Debug|x86.Build.0 = Debug|Any CPU
		{AFCAE882-C4FE-40FA-B7CA-D805E1D39311}.Release|Any CPU.ActiveCfg = Release|Any CPU
		{AFCAE882-C4FE-40FA-B7CA-D805E1D39311}.Release|Any CPU.Build.0 = Release|Any CPU
		{AFCAE882-C4FE-40FA-B7CA-D805E1D39311}.Release|x64.ActiveCfg = Release|Any CPU
		{AFCAE882-C4FE-40FA-B7CA-D805E1D39311}.Release|x64.Build.0 = Release|Any CPU
		{AFCAE882-C4FE-40FA-B7CA-D805E1D39311}.Release|x86.ActiveCfg = Release|Any CPU
		{AFCAE882-C4FE-40FA-B7CA-D805E1D39311}.Release|x86.Build.0 = Release|Any CPU
		{16ABF780-B57C-43D3-997C-D77EEED996A6}.Debug|Any CPU.ActiveCfg = Debug|Any CPU
		{16ABF780-B57C-43D3-997C-D77EEED996A6}.Debug|Any CPU.Build.0 = Debug|Any CPU
		{16ABF780-B57C-43D3-997C-D77EEED996A6}.Debug|x64.ActiveCfg = Debug|Any CPU
		{16ABF780-B57C-43D3-997C-D77EEED996A6}.Debug|x64.Build.0 = Debug|Any CPU
		{16ABF780-B57C-43D3-997C-D77EEED996A6}.Debug|x86.ActiveCfg = Debug|Any CPU
		{16ABF780-B57C-43D3-997C-D77EEED996A6}.Debug|x86.Build.0 = Debug|Any CPU
		{16ABF780-B57C-43D3-997C-D77EEED996A6}.Release|Any CPU.ActiveCfg = Release|Any CPU
		{16ABF780-B57C-43D3-997C-D77EEED996A6}.Release|Any CPU.Build.0 = Release|Any CPU
		{16ABF780-B57C-43D3-997C-D77EEED996A6}.Release|x64.ActiveCfg = Release|Any CPU
		{16ABF780-B57C-43D3-997C-D77EEED996A6}.Release|x64.Build.0 = Release|Any CPU
		{16ABF780-B57C-43D3-997C-D77EEED996A6}.Release|x86.ActiveCfg = Release|Any CPU
		{16ABF780-B57C-43D3-997C-D77EEED996A6}.Release|x86.Build.0 = Release|Any CPU
	EndGlobalSection
	GlobalSection(SolutionProperties) = preSolution
		HideSolutionNode = FALSE
	EndGlobalSection
	GlobalSection(ExtensibilityGlobals) = postSolution
		SolutionGuid = {98603787-7DEC-428B-ABC8-4FCD005FA53F}
	EndGlobalSection
EndGlobal
