
Microsoft Visual Studio Solution File, Format Version 12.00
# Visual Studio Version 16
VisualStudioVersion = 16.0.29201.188
MinimumVisualStudioVersion = 10.0.40219.1
Project("{FAE04EC0-301F-11D3-BF4B-00C04F79EFBC}") = "PracticeASPNet", "PracticeASPNet.csproj", "{A1CBFF0A-5B8E-435E-A5BB-E4ED4688D56A}"
EndProject
Global
	GlobalSection(SolutionConfigurationPlatforms) = preSolution
		Debug|Any CPU = Debug|Any CPU
		Release|Any CPU = Release|Any CPU
	EndGlobalSection
	GlobalSection(ProjectConfigurationPlatforms) = postSolution
		{A1CBFF0A-5B8E-435E-A5BB-E4ED4688D56A}.Debug|Any CPU.ActiveCfg = Debug|Any CPU
		{A1CBFF0A-5B8E-435E-A5BB-E4ED4688D56A}.Debug|Any CPU.Build.0 = Debug|Any CPU
		{A1CBFF0A-5B8E-435E-A5BB-E4ED4688D56A}.Release|Any CPU.ActiveCfg = Release|Any CPU
		{A1CBFF0A-5B8E-435E-A5BB-E4ED4688D56A}.Release|Any CPU.Build.0 = Release|Any CPU
	EndGlobalSection
	GlobalSection(SolutionProperties) = preSolution
		HideSolutionNode = FALSE
	EndGlobalSection
	GlobalSection(ExtensibilityGlobals) = postSolution
		SolutionGuid = {1F5C378A-2D3E-4A9A-A6CB-08EEC7A6AFF5}
	EndGlobalSection
EndGlobal
