
Microsoft Visual Studio Solution File, Format Version 12.00
# Visual Studio Version 16
VisualStudioVersion = 16.0.29215.179
MinimumVisualStudioVersion = 10.0.40219.1
Project("{FAE04EC0-301F-11D3-BF4B-00C04F79EFBC}") = "MyApp.Core", "MyApp.Core\MyApp.Core.csproj", "{7018073C-3520-48D8-BE8A-3B6207C985BB}"
EndProject
Project("{FAE04EC0-301F-11D3-BF4B-00C04F79EFBC}") = "MyApp.WebUI", "MyApp.WebUI\MyApp.WebUI.csproj", "{9462355B-D549-4886-83CF-1562E6A502EE}"
EndProject
Project("{FAE04EC0-301F-11D3-BF4B-00C04F79EFBC}") = "MyApp.WebUI.Tests", "MyApp.WebUI.Tests\MyApp.WebUI.Tests.csproj", "{EA8561FB-4F63-47E9-BEF2-B30088C030B5}"
EndProject
Project("{FAE04EC0-301F-11D3-BF4B-00C04F79EFBC}") = "MyApp.DataAccess.InMemory", "MyApp.DataAccess.InMemory\MyApp.DataAccess.InMemory.csproj", "{F3F343C1-AD56-4F78-BEAA-DECBFFE30A29}"
EndProject
Project("{FAE04EC0-301F-11D3-BF4B-00C04F79EFBC}") = "MyApp.DataAccess.SQL", "MyApp.DataAccess.SQL\MyApp.DataAccess.SQL.csproj", "{0DC4D380-B1C1-4811-8420-C924BA5B6029}"
EndProject
Project("{FAE04EC0-301F-11D3-BF4B-00C04F79EFBC}") = "MyApp.Services", "MyApp.Services\MyApp.Services.csproj", "{14BC11D0-FA6B-42BD-BB6B-E84E52AA04D5}"
EndProject
Global
	GlobalSection(SolutionConfigurationPlatforms) = preSolution
		Debug|Any CPU = Debug|Any CPU
		Release|Any CPU = Release|Any CPU
	EndGlobalSection
	GlobalSection(ProjectConfigurationPlatforms) = postSolution
		{7018073C-3520-48D8-BE8A-3B6207C985BB}.Debug|Any CPU.ActiveCfg = Debug|Any CPU
		{7018073C-3520-48D8-BE8A-3B6207C985BB}.Debug|Any CPU.Build.0 = Debug|Any CPU
		{7018073C-3520-48D8-BE8A-3B6207C985BB}.Release|Any CPU.ActiveCfg = Release|Any CPU
		{7018073C-3520-48D8-BE8A-3B6207C985BB}.Release|Any CPU.Build.0 = Release|Any CPU
		{9462355B-D549-4886-83CF-1562E6A502EE}.Debug|Any CPU.ActiveCfg = Debug|Any CPU
		{9462355B-D549-4886-83CF-1562E6A502EE}.Debug|Any CPU.Build.0 = Debug|Any CPU
		{9462355B-D549-4886-83CF-1562E6A502EE}.Release|Any CPU.ActiveCfg = Release|Any CPU
		{9462355B-D549-4886-83CF-1562E6A502EE}.Release|Any CPU.Build.0 = Release|Any CPU
		{EA8561FB-4F63-47E9-BEF2-B30088C030B5}.Debug|Any CPU.ActiveCfg = Debug|Any CPU
		{EA8561FB-4F63-47E9-BEF2-B30088C030B5}.Debug|Any CPU.Build.0 = Debug|Any CPU
		{EA8561FB-4F63-47E9-BEF2-B30088C030B5}.Release|Any CPU.ActiveCfg = Release|Any CPU
		{EA8561FB-4F63-47E9-BEF2-B30088C030B5}.Release|Any CPU.Build.0 = Release|Any CPU
		{F3F343C1-AD56-4F78-BEAA-DECBFFE30A29}.Debug|Any CPU.ActiveCfg = Debug|Any CPU
		{F3F343C1-AD56-4F78-BEAA-DECBFFE30A29}.Debug|Any CPU.Build.0 = Debug|Any CPU
		{F3F343C1-AD56-4F78-BEAA-DECBFFE30A29}.Release|Any CPU.ActiveCfg = Release|Any CPU
		{F3F343C1-AD56-4F78-BEAA-DECBFFE30A29}.Release|Any CPU.Build.0 = Release|Any CPU
		{0DC4D380-B1C1-4811-8420-C924BA5B6029}.Debug|Any CPU.ActiveCfg = Debug|Any CPU
		{0DC4D380-B1C1-4811-8420-C924BA5B6029}.Debug|Any CPU.Build.0 = Debug|Any CPU
		{0DC4D380-B1C1-4811-8420-C924BA5B6029}.Release|Any CPU.ActiveCfg = Release|Any CPU
		{0DC4D380-B1C1-4811-8420-C924BA5B6029}.Release|Any CPU.Build.0 = Release|Any CPU
		{14BC11D0-FA6B-42BD-BB6B-E84E52AA04D5}.Debug|Any CPU.ActiveCfg = Debug|Any CPU
		{14BC11D0-FA6B-42BD-BB6B-E84E52AA04D5}.Debug|Any CPU.Build.0 = Debug|Any CPU
		{14BC11D0-FA6B-42BD-BB6B-E84E52AA04D5}.Release|Any CPU.ActiveCfg = Release|Any CPU
		{14BC11D0-FA6B-42BD-BB6B-E84E52AA04D5}.Release|Any CPU.Build.0 = Release|Any CPU
	EndGlobalSection
	GlobalSection(SolutionProperties) = preSolution
		HideSolutionNode = FALSE
	EndGlobalSection
	GlobalSection(ExtensibilityGlobals) = postSolution
		SolutionGuid = {6454059E-F606-4A23-9E0A-5005C6B138C7}
	EndGlobalSection
EndGlobal
