
Microsoft Visual Studio Solution File, Format Version 12.00
# Visual Studio Version 16
VisualStudioVersion = 16.0.29324.140
MinimumVisualStudioVersion = 10.0.40219.1
Project("{FAE04EC0-301F-11D3-BF4B-00C04F79EFBC}") = "PayrollCollections", "PayrollCollections\PayrollCollections.csproj", "{88B70925-8913-439E-B451-E3F9AF086CAC}"
EndProject
Project("{FAE04EC0-301F-11D3-BF4B-00C04F79EFBC}") = "PayrollCollections.Data", "PayrollCollections.Data\PayrollCollections.Data.csproj", "{4BF202D6-91E7-42D9-9C08-BBC4DFE75943}"
EndProject
Global
	GlobalSection(SolutionConfigurationPlatforms) = preSolution
		Debug|Any CPU = Debug|Any CPU
		Release|Any CPU = Release|Any CPU
	EndGlobalSection
	GlobalSection(ProjectConfigurationPlatforms) = postSolution
		{88B70925-8913-439E-B451-E3F9AF086CAC}.Debug|Any CPU.ActiveCfg = Debug|Any CPU
		{88B70925-8913-439E-B451-E3F9AF086CAC}.Debug|Any CPU.Build.0 = Debug|Any CPU
		{88B70925-8913-439E-B451-E3F9AF086CAC}.Release|Any CPU.ActiveCfg = Release|Any CPU
		{88B70925-8913-439E-B451-E3F9AF086CAC}.Release|Any CPU.Build.0 = Release|Any CPU
		{4BF202D6-91E7-42D9-9C08-BBC4DFE75943}.Debug|Any CPU.ActiveCfg = Debug|Any CPU
		{4BF202D6-91E7-42D9-9C08-BBC4DFE75943}.Debug|Any CPU.Build.0 = Debug|Any CPU
		{4BF202D6-91E7-42D9-9C08-BBC4DFE75943}.Release|Any CPU.ActiveCfg = Release|Any CPU
		{4BF202D6-91E7-42D9-9C08-BBC4DFE75943}.Release|Any CPU.Build.0 = Release|Any CPU
	EndGlobalSection
	GlobalSection(SolutionProperties) = preSolution
		HideSolutionNode = FALSE
	EndGlobalSection
	GlobalSection(ExtensibilityGlobals) = postSolution
		SolutionGuid = {BF091401-F106-4620-9D63-A8899FD2A8C7}
	EndGlobalSection
EndGlobal
